// !$*UTF8*$!
{
	archiveVersion = 1;
	classes = {
	};
	objectVersion = 54;
	objects = {

/* Begin PBXBuildFile section */
		1B1ACF9F5DE34F04A92BC8F1 /* ClashDisplay-Medium.otf in Resources */ = {isa = PBXBuildFile; fileRef = 74F0E62E0BC040DC97926D88 /* ClashDisplay-Medium.otf */; };
		21E23029200D4809B44FA284 /* ClashGrotesk-Medium.otf in Resources */ = {isa = PBXBuildFile; fileRef = 13DED61CC8864183A8659FA1 /* ClashGrotesk-Medium.otf */; };
		2837BEC22DAE2C090021DD88 /* Images.xcassets in Resources */ = {isa = PBXBuildFile; fileRef = 2837BEC12DAE2C090021DD88 /* Images.xcassets */; };
		38EBD5E81677A6611201C1E1 /* PrivacyInfo.xcprivacy in Resources */ = {isa = PBXBuildFile; fileRef = 13B07FB81A68108700A75B9A /* PrivacyInfo.xcprivacy */; };
		4E3628422C914B2A8A2030AF /* ClashDisplay-Extralight.otf in Resources */ = {isa = PBXBuildFile; fileRef = 0AFF564B16FE40B5A8E874CA /* ClashDisplay-Extralight.otf */; };
		6A42BDAAFD7242A2911370EE /* Satoshi-Medium.otf in Resources */ = {isa = PBXBuildFile; fileRef = 8C0CFB67681944D2BF1E3B33 /* Satoshi-Medium.otf */; };
		761780ED2CA45674006654EE /* AppDelegate.swift in Sources */ = {isa = PBXBuildFile; fileRef = 761780EC2CA45674006654EE /* AppDelegate.swift */; };
		79C20DA8D9BC4D5C84F334FB /* ClashDisplay-Light.otf in Resources */ = {isa = PBXBuildFile; fileRef = 6E98F404D23D415DAC2E745A /* ClashDisplay-Light.otf */; };
		7E377C81C91769B0E7CDD8B2 /* libPods-YosemiteCrewMobile.a in Frameworks */ = {isa = PBXBuildFile; fileRef = BCF028B39BD60EC32F4ADF00 /* libPods-YosemiteCrewMobile.a */; };
		7E50A9E7BC0040AEB065673A /* ClashDisplay-Semibold.otf in Resources */ = {isa = PBXBuildFile; fileRef = 476FBFBD910F4C8A88C45865 /* ClashDisplay-Semibold.otf */; };
		81AB9BB82411601600AC10FF /* LaunchScreen.storyboard in Resources */ = {isa = PBXBuildFile; fileRef = 81AB9BB72411601600AC10FF /* LaunchScreen.storyboard */; };
		81FFC98AA15C430B8A3B6CA3 /* ClashDisplay-Regular.otf in Resources */ = {isa = PBXBuildFile; fileRef = C5211640B6E34EF18CC3DADB /* ClashDisplay-Regular.otf */; };
		865FDF52C1C24BDB879DC1B9 /* Satoshi-Black.otf in Resources */ = {isa = PBXBuildFile; fileRef = 54FFE6C996C348DD9B9623B1 /* Satoshi-Black.otf */; };
		93FEB454C61D4956883E69B9 /* ClashDisplay-Bold.otf in Resources */ = {isa = PBXBuildFile; fileRef = 59AC037721584D63AF7F536B /* ClashDisplay-Bold.otf */; };
		9D07607852534A7F9B7CFA7B /* Satoshi-Light.otf in Resources */ = {isa = PBXBuildFile; fileRef = BB5C2B7003A844A69C2168D0 /* Satoshi-Light.otf */; };
		AD44C92B787E4B23B35228D6 /* SFProText-regular.ttf in Resources */ = {isa = PBXBuildFile; fileRef = 39E44F579203412CA3A5FC65 /* SFProText-regular.ttf */; };
		AD84CE1B4AD04CE1B7361110 /* SFProText-semibold.ttf in Resources */ = {isa = PBXBuildFile; fileRef = 6CA15D0B4947432B9F456A70 /* SFProText-semibold.ttf */; };
		C2AE9226E2CE4E37BB76CF3F /* ClashDisplay-Variable.ttf in Resources */ = {isa = PBXBuildFile; fileRef = 532F6DE374914D7A8C05F5E9 /* ClashDisplay-Variable.ttf */; };
		CDE9241E2E54A01900451919 /* GoogleService-Info.plist in Resources */ = {isa = PBXBuildFile; fileRef = CDE9241D2E54A01900451919 /* GoogleService-Info.plist */; };
		D9DE2760023247F1975E9613 /* Satoshi-Bold.otf in Resources */ = {isa = PBXBuildFile; fileRef = 1EC3C5C01C624E7E810E6B2B /* Satoshi-Bold.otf */; };
		F2A425D1B75D400D870FE445 /* Satoshi-Regular.otf in Resources */ = {isa = PBXBuildFile; fileRef = 187D77C293194F34B67F7BA1 /* Satoshi-Regular.otf */; };
/* End PBXBuildFile section */

/* Begin PBXFileReference section */
		0AFF564B16FE40B5A8E874CA /* ClashDisplay-Extralight.otf */ = {isa = PBXFileReference; explicitFileType = undefined; fileEncoding = 9; includeInIndex = 0; lastKnownFileType = unknown; name = "ClashDisplay-Extralight.otf"; path = "../assets/fonts/ClashDisplay-Extralight.otf"; sourceTree = "<group>"; };
		13B07F961A680F5B00A75B9A /* YosemiteCrewMobile.app */ = {isa = PBXFileReference; explicitFileType = wrapper.application; includeInIndex = 0; path = YosemiteCrewMobile.app; sourceTree = BUILT_PRODUCTS_DIR; };
		13B07FB61A68108700A75B9A /* Info.plist */ = {isa = PBXFileReference; fileEncoding = 4; lastKnownFileType = text.plist.xml; name = Info.plist; path = YosemiteCrewMobile/Info.plist; sourceTree = "<group>"; };
		13B07FB81A68108700A75B9A /* PrivacyInfo.xcprivacy */ = {isa = PBXFileReference; fileEncoding = 4; lastKnownFileType = text.plist.xml; name = PrivacyInfo.xcprivacy; path = YosemiteCrewMobile/PrivacyInfo.xcprivacy; sourceTree = "<group>"; };
		13DED61CC8864183A8659FA1 /* ClashGrotesk-Medium.otf */ = {isa = PBXFileReference; explicitFileType = undefined; fileEncoding = 9; includeInIndex = 0; lastKnownFileType = unknown; name = "ClashGrotesk-Medium.otf"; path = "../assets/fonts/ClashGrotesk-Medium.otf"; sourceTree = "<group>"; };
		187D77C293194F34B67F7BA1 /* Satoshi-Regular.otf */ = {isa = PBXFileReference; explicitFileType = undefined; fileEncoding = 9; includeInIndex = 0; lastKnownFileType = unknown; name = "Satoshi-Regular.otf"; path = "../assets/fonts/Satoshi-Regular.otf"; sourceTree = "<group>"; };
		1EC3C5C01C624E7E810E6B2B /* Satoshi-Bold.otf */ = {isa = PBXFileReference; explicitFileType = undefined; fileEncoding = 9; includeInIndex = 0; lastKnownFileType = unknown; name = "Satoshi-Bold.otf"; path = "../assets/fonts/Satoshi-Bold.otf"; sourceTree = "<group>"; };
		2837BEC12DAE2C090021DD88 /* Images.xcassets */ = {isa = PBXFileReference; lastKnownFileType = folder.assetcatalog; name = Images.xcassets; path = YosemiteCrewMobile/Images.xcassets; sourceTree = "<group>"; };
		28B4E1692DB271AC0070EA17 /* YosemiteCrewMobile-Bridging-Header.h */ = {isa = PBXFileReference; lastKnownFileType = sourcecode.c.h; path = "YosemiteCrewMobile-Bridging-Header.h"; sourceTree = "<group>"; };
		39E44F579203412CA3A5FC65 /* SFProText-regular.ttf */ = {isa = PBXFileReference; explicitFileType = undefined; fileEncoding = 9; includeInIndex = 0; lastKnownFileType = unknown; name = "SFProText-regular.ttf"; path = "../assets/fonts/SFProText-regular.ttf"; sourceTree = "<group>"; };
		3B4392A12AC88292D35C810B /* Pods-YosemiteCrewMobile.debug.xcconfig */ = {isa = PBXFileReference; includeInIndex = 1; lastKnownFileType = text.xcconfig; name = "Pods-YosemiteCrewMobile.debug.xcconfig"; path = "Target Support Files/Pods-YosemiteCrewMobile/Pods-YosemiteCrewMobile.debug.xcconfig"; sourceTree = "<group>"; };
		476FBFBD910F4C8A88C45865 /* ClashDisplay-Semibold.otf */ = {isa = PBXFileReference; explicitFileType = undefined; fileEncoding = 9; includeInIndex = 0; lastKnownFileType = unknown; name = "ClashDisplay-Semibold.otf"; path = "../assets/fonts/ClashDisplay-Semibold.otf"; sourceTree = "<group>"; };
		532F6DE374914D7A8C05F5E9 /* ClashDisplay-Variable.ttf */ = {isa = PBXFileReference; explicitFileType = undefined; fileEncoding = 9; includeInIndex = 0; lastKnownFileType = unknown; name = "ClashDisplay-Variable.ttf"; path = "../assets/fonts/ClashDisplay-Variable.ttf"; sourceTree = "<group>"; };
		54FFE6C996C348DD9B9623B1 /* Satoshi-Black.otf */ = {isa = PBXFileReference; explicitFileType = undefined; fileEncoding = 9; includeInIndex = 0; lastKnownFileType = unknown; name = "Satoshi-Black.otf"; path = "../assets/fonts/Satoshi-Black.otf"; sourceTree = "<group>"; };
		5709B34CF0A7D63546082F79 /* Pods-YosemiteCrewMobile.release.xcconfig */ = {isa = PBXFileReference; includeInIndex = 1; lastKnownFileType = text.xcconfig; name = "Pods-YosemiteCrewMobile.release.xcconfig"; path = "Target Support Files/Pods-YosemiteCrewMobile/Pods-YosemiteCrewMobile.release.xcconfig"; sourceTree = "<group>"; };
		59AC037721584D63AF7F536B /* ClashDisplay-Bold.otf */ = {isa = PBXFileReference; explicitFileType = undefined; fileEncoding = 9; includeInIndex = 0; lastKnownFileType = unknown; name = "ClashDisplay-Bold.otf"; path = "../assets/fonts/ClashDisplay-Bold.otf"; sourceTree = "<group>"; };
		6CA15D0B4947432B9F456A70 /* SFProText-semibold.ttf */ = {isa = PBXFileReference; explicitFileType = undefined; fileEncoding = 9; includeInIndex = 0; lastKnownFileType = unknown; name = "SFProText-semibold.ttf"; path = "../assets/fonts/SFProText-semibold.ttf"; sourceTree = "<group>"; };
		6E98F404D23D415DAC2E745A /* ClashDisplay-Light.otf */ = {isa = PBXFileReference; explicitFileType = undefined; fileEncoding = 9; includeInIndex = 0; lastKnownFileType = unknown; name = "ClashDisplay-Light.otf"; path = "../assets/fonts/ClashDisplay-Light.otf"; sourceTree = "<group>"; };
		74F0E62E0BC040DC97926D88 /* ClashDisplay-Medium.otf */ = {isa = PBXFileReference; explicitFileType = undefined; fileEncoding = 9; includeInIndex = 0; lastKnownFileType = unknown; name = "ClashDisplay-Medium.otf"; path = "../assets/fonts/ClashDisplay-Medium.otf"; sourceTree = "<group>"; };
		761780EC2CA45674006654EE /* AppDelegate.swift */ = {isa = PBXFileReference; lastKnownFileType = sourcecode.swift; name = AppDelegate.swift; path = YosemiteCrewMobile/AppDelegate.swift; sourceTree = "<group>"; };
		81AB9BB72411601600AC10FF /* LaunchScreen.storyboard */ = {isa = PBXFileReference; fileEncoding = 4; lastKnownFileType = file.storyboard; name = LaunchScreen.storyboard; path = YosemiteCrewMobile/LaunchScreen.storyboard; sourceTree = "<group>"; };
		8C042910711666B760D07228 /* Pods-YosemiteCrewMobile.debug.xcconfig */ = {isa = PBXFileReference; includeInIndex = 1; lastKnownFileType = text.xcconfig; name = "Pods-YosemiteCrewMobile.debug.xcconfig"; path = "Target Support Files/Pods-YosemiteCrewMobile/Pods-YosemiteCrewMobile.debug.xcconfig"; sourceTree = "<group>"; };
		8C0CFB67681944D2BF1E3B33 /* Satoshi-Medium.otf */ = {isa = PBXFileReference; explicitFileType = undefined; fileEncoding = 9; includeInIndex = 0; lastKnownFileType = unknown; name = "Satoshi-Medium.otf"; path = "../assets/fonts/Satoshi-Medium.otf"; sourceTree = "<group>"; };
		BB5C2B7003A844A69C2168D0 /* Satoshi-Light.otf */ = {isa = PBXFileReference; explicitFileType = undefined; fileEncoding = 9; includeInIndex = 0; lastKnownFileType = unknown; name = "Satoshi-Light.otf"; path = "../assets/fonts/Satoshi-Light.otf"; sourceTree = "<group>"; };
		BCF028B39BD60EC32F4ADF00 /* libPods-YosemiteCrewMobile.a */ = {isa = PBXFileReference; explicitFileType = archive.ar; includeInIndex = 0; path = "libPods-YosemiteCrewMobile.a"; sourceTree = BUILT_PRODUCTS_DIR; };
		C5211640B6E34EF18CC3DADB /* ClashDisplay-Regular.otf */ = {isa = PBXFileReference; explicitFileType = undefined; fileEncoding = 9; includeInIndex = 0; lastKnownFileType = unknown; name = "ClashDisplay-Regular.otf"; path = "../assets/fonts/ClashDisplay-Regular.otf"; sourceTree = "<group>"; };
		CDE9241D2E54A01900451919 /* GoogleService-Info.plist */ = {isa = PBXFileReference; lastKnownFileType = text.plist.xml; path = "GoogleService-Info.plist"; sourceTree = "<group>"; };
		D956FF4C0DE00B6879730EF5 /* Pods-YosemiteCrewMobile.release.xcconfig */ = {isa = PBXFileReference; includeInIndex = 1; lastKnownFileType = text.xcconfig; name = "Pods-YosemiteCrewMobile.release.xcconfig"; path = "Target Support Files/Pods-YosemiteCrewMobile/Pods-YosemiteCrewMobile.release.xcconfig"; sourceTree = "<group>"; };
		ED297162215061F000B7C4FE /* JavaScriptCore.framework */ = {isa = PBXFileReference; lastKnownFileType = wrapper.framework; name = JavaScriptCore.framework; path = System/Library/Frameworks/JavaScriptCore.framework; sourceTree = SDKROOT; };
/* End PBXFileReference section */

/* Begin PBXFrameworksBuildPhase section */
		13B07F8C1A680F5B00A75B9A /* Frameworks */ = {
			isa = PBXFrameworksBuildPhase;
			buildActionMask = 2147483647;
			files = (
				7E377C81C91769B0E7CDD8B2 /* libPods-YosemiteCrewMobile.a in Frameworks */,
			);
			runOnlyForDeploymentPostprocessing = 0;
		};
/* End PBXFrameworksBuildPhase section */

/* Begin PBXGroup section */
		13B07FAE1A68108700A75B9A /* YosemiteCrewMobile */ = {
			isa = PBXGroup;
			children = (
				CDE9241D2E54A01900451919 /* GoogleService-Info.plist */,
				28B4E1692DB271AC0070EA17 /* YosemiteCrewMobile-Bridging-Header.h */,
				2837BEC12DAE2C090021DD88 /* Images.xcassets */,
				761780EC2CA45674006654EE /* AppDelegate.swift */,
				13B07FB61A68108700A75B9A /* Info.plist */,
				81AB9BB72411601600AC10FF /* LaunchScreen.storyboard */,
				13B07FB81A68108700A75B9A /* PrivacyInfo.xcprivacy */,
			);
			name = YosemiteCrewMobile;
			sourceTree = "<group>";
		};
		2D16E6871FA4F8E400B85C8A /* Frameworks */ = {
			isa = PBXGroup;
			children = (
				ED297162215061F000B7C4FE /* JavaScriptCore.framework */,
				BCF028B39BD60EC32F4ADF00 /* libPods-YosemiteCrewMobile.a */,
			);
			name = Frameworks;
			sourceTree = "<group>";
		};
		823266718DE04369803D3A48 /* Resources */ = {
			isa = PBXGroup;
			children = (
				13DED61CC8864183A8659FA1 /* ClashGrotesk-Medium.otf */,
				54FFE6C996C348DD9B9623B1 /* Satoshi-Black.otf */,
				1EC3C5C01C624E7E810E6B2B /* Satoshi-Bold.otf */,
				BB5C2B7003A844A69C2168D0 /* Satoshi-Light.otf */,
				8C0CFB67681944D2BF1E3B33 /* Satoshi-Medium.otf */,
				187D77C293194F34B67F7BA1 /* Satoshi-Regular.otf */,
				532F6DE374914D7A8C05F5E9 /* ClashDisplay-Variable.ttf */,
				39E44F579203412CA3A5FC65 /* SFProText-regular.ttf */,
				6CA15D0B4947432B9F456A70 /* SFProText-semibold.ttf */,
				59AC037721584D63AF7F536B /* ClashDisplay-Bold.otf */,
				0AFF564B16FE40B5A8E874CA /* ClashDisplay-Extralight.otf */,
				6E98F404D23D415DAC2E745A /* ClashDisplay-Light.otf */,
				74F0E62E0BC040DC97926D88 /* ClashDisplay-Medium.otf */,
				C5211640B6E34EF18CC3DADB /* ClashDisplay-Regular.otf */,
				476FBFBD910F4C8A88C45865 /* ClashDisplay-Semibold.otf */,
			);
			name = Resources;
			sourceTree = "<group>";
		};
		832341AE1AAA6A7D00B99B32 /* Libraries */ = {
			isa = PBXGroup;
			children = (
			);
			name = Libraries;
			sourceTree = "<group>";
		};
		83CBB9F61A601CBA00E9B192 = {
			isa = PBXGroup;
			children = (
				13B07FAE1A68108700A75B9A /* YosemiteCrewMobile */,
				832341AE1AAA6A7D00B99B32 /* Libraries */,
				83CBBA001A601CBA00E9B192 /* Products */,
				2D16E6871FA4F8E400B85C8A /* Frameworks */,
				BBD78D7AC51CEA395F1C20DB /* Pods */,
				823266718DE04369803D3A48 /* Resources */,
			);
			indentWidth = 2;
			sourceTree = "<group>";
			tabWidth = 2;
			usesTabs = 0;
		};
		83CBBA001A601CBA00E9B192 /* Products */ = {
			isa = PBXGroup;
			children = (
				13B07F961A680F5B00A75B9A /* YosemiteCrewMobile.app */,
			);
			name = Products;
			sourceTree = "<group>";
		};
		BBD78D7AC51CEA395F1C20DB /* Pods */ = {
			isa = PBXGroup;
			children = (
				3B4392A12AC88292D35C810B /* Pods-YosemiteCrewMobile.debug.xcconfig */,
				5709B34CF0A7D63546082F79 /* Pods-YosemiteCrewMobile.release.xcconfig */,
				8C042910711666B760D07228 /* Pods-YosemiteCrewMobile.debug.xcconfig */,
				D956FF4C0DE00B6879730EF5 /* Pods-YosemiteCrewMobile.release.xcconfig */,
			);
			path = Pods;
			sourceTree = "<group>";
		};
/* End PBXGroup section */

/* Begin PBXNativeTarget section */
		13B07F861A680F5B00A75B9A /* YosemiteCrewMobile */ = {
			isa = PBXNativeTarget;
			buildConfigurationList = 13B07F931A680F5B00A75B9A /* Build configuration list for PBXNativeTarget "YosemiteCrewMobile" */;
			buildPhases = (
				C38B50BA6285516D6DCD4F65 /* [CP] Check Pods Manifest.lock */,
				13B07F871A680F5B00A75B9A /* Sources */,
				13B07F8C1A680F5B00A75B9A /* Frameworks */,
				13B07F8E1A680F5B00A75B9A /* Resources */,
				00DD1BFF1BD5951E006B06BC /* Bundle React Native code and images */,
				00EEFC60759A1932668264C0 /* [CP] Embed Pods Frameworks */,
				E235C05ADACE081382539298 /* [CP] Copy Pods Resources */,
			);
			buildRules = (
			);
			dependencies = (
			);
			name = YosemiteCrewMobile;
			productName = YosemiteCrewMobile;
			productReference = 13B07F961A680F5B00A75B9A /* YosemiteCrewMobile.app */;
			productType = "com.apple.product-type.application";
		};
/* End PBXNativeTarget section */

/* Begin PBXProject section */
		83CBB9F71A601CBA00E9B192 /* Project object */ = {
			isa = PBXProject;
			attributes = {
				LastUpgradeCheck = 1210;
				TargetAttributes = {
					13B07F861A680F5B00A75B9A = {
						LastSwiftMigration = 1120;
					};
				};
			};
			buildConfigurationList = 83CBB9FA1A601CBA00E9B192 /* Build configuration list for PBXProject "YosemiteCrewMobile" */;
			compatibilityVersion = "Xcode 12.0";
			developmentRegion = en;
			hasScannedForEncodings = 0;
			knownRegions = (
				en,
				Base,
			);
			mainGroup = 83CBB9F61A601CBA00E9B192;
			productRefGroup = 83CBBA001A601CBA00E9B192 /* Products */;
			projectDirPath = "";
			projectRoot = "";
			targets = (
				13B07F861A680F5B00A75B9A /* YosemiteCrewMobile */,
			);
		};
/* End PBXProject section */

/* Begin PBXResourcesBuildPhase section */
		13B07F8E1A680F5B00A75B9A /* Resources */ = {
			isa = PBXResourcesBuildPhase;
			buildActionMask = 2147483647;
			files = (
				2837BEC22DAE2C090021DD88 /* Images.xcassets in Resources */,
				81AB9BB82411601600AC10FF /* LaunchScreen.storyboard in Resources */,
				38EBD5E81677A6611201C1E1 /* PrivacyInfo.xcprivacy in Resources */,
				21E23029200D4809B44FA284 /* ClashGrotesk-Medium.otf in Resources */,
				865FDF52C1C24BDB879DC1B9 /* Satoshi-Black.otf in Resources */,
				D9DE2760023247F1975E9613 /* Satoshi-Bold.otf in Resources */,
				9D07607852534A7F9B7CFA7B /* Satoshi-Light.otf in Resources */,
				6A42BDAAFD7242A2911370EE /* Satoshi-Medium.otf in Resources */,
				F2A425D1B75D400D870FE445 /* Satoshi-Regular.otf in Resources */,
				C2AE9226E2CE4E37BB76CF3F /* ClashDisplay-Variable.ttf in Resources */,
				AD44C92B787E4B23B35228D6 /* SFProText-regular.ttf in Resources */,
				CDE9241E2E54A01900451919 /* GoogleService-Info.plist in Resources */,
				AD84CE1B4AD04CE1B7361110 /* SFProText-semibold.ttf in Resources */,
				93FEB454C61D4956883E69B9 /* ClashDisplay-Bold.otf in Resources */,
				4E3628422C914B2A8A2030AF /* ClashDisplay-Extralight.otf in Resources */,
				79C20DA8D9BC4D5C84F334FB /* ClashDisplay-Light.otf in Resources */,
				1B1ACF9F5DE34F04A92BC8F1 /* ClashDisplay-Medium.otf in Resources */,
				81FFC98AA15C430B8A3B6CA3 /* ClashDisplay-Regular.otf in Resources */,
				7E50A9E7BC0040AEB065673A /* ClashDisplay-Semibold.otf in Resources */,
			);
			runOnlyForDeploymentPostprocessing = 0;
		};
/* End PBXResourcesBuildPhase section */

/* Begin PBXShellScriptBuildPhase section */
		00DD1BFF1BD5951E006B06BC /* Bundle React Native code and images */ = {
			isa = PBXShellScriptBuildPhase;
			buildActionMask = 12;
			files = (
			);
			inputPaths = (
				"$(SRCROOT)/.xcode.env.local",
				"$(SRCROOT)/.xcode.env",
			);
			name = "Bundle React Native code and images";
			outputPaths = (
			);
			runOnlyForDeploymentPostprocessing = 0;
			shellPath = /bin/sh;
			shellScript = "set -e\n\nWITH_ENVIRONMENT=\"$REACT_NATIVE_PATH/scripts/xcode/with-environment.sh\"\nREACT_NATIVE_XCODE=\"$REACT_NATIVE_PATH/scripts/react-native-xcode.sh\"\n\n/bin/sh -c \"$WITH_ENVIRONMENT $REACT_NATIVE_XCODE\"\n";
		};
		00EEFC60759A1932668264C0 /* [CP] Embed Pods Frameworks */ = {
			isa = PBXShellScriptBuildPhase;
			buildActionMask = 12;
			files = (
			);
			inputFileListPaths = (
				"${PODS_ROOT}/Target Support Files/Pods-YosemiteCrewMobile/Pods-YosemiteCrewMobile-frameworks-${CONFIGURATION}-input-files.xcfilelist",
			);
			name = "[CP] Embed Pods Frameworks";
			outputFileListPaths = (
				"${PODS_ROOT}/Target Support Files/Pods-YosemiteCrewMobile/Pods-YosemiteCrewMobile-frameworks-${CONFIGURATION}-output-files.xcfilelist",
			);
			runOnlyForDeploymentPostprocessing = 0;
			shellPath = /bin/sh;
			shellScript = "\"${PODS_ROOT}/Target Support Files/Pods-YosemiteCrewMobile/Pods-YosemiteCrewMobile-frameworks.sh\"\n";
			showEnvVarsInLog = 0;
		};
		C38B50BA6285516D6DCD4F65 /* [CP] Check Pods Manifest.lock */ = {
			isa = PBXShellScriptBuildPhase;
			buildActionMask = 2147483647;
			files = (
			);
			inputFileListPaths = (
			);
			inputPaths = (
				"${PODS_PODFILE_DIR_PATH}/Podfile.lock",
				"${PODS_ROOT}/Manifest.lock",
			);
			name = "[CP] Check Pods Manifest.lock";
			outputFileListPaths = (
			);
			outputPaths = (
				"$(DERIVED_FILE_DIR)/Pods-YosemiteCrewMobile-checkManifestLockResult.txt",
			);
			runOnlyForDeploymentPostprocessing = 0;
			shellPath = /bin/sh;
			shellScript = "diff \"${PODS_PODFILE_DIR_PATH}/Podfile.lock\" \"${PODS_ROOT}/Manifest.lock\" > /dev/null\nif [ $? != 0 ] ; then\n    # print error to STDERR\n    echo \"error: The sandbox is not in sync with the Podfile.lock. Run 'pod install' or update your CocoaPods installation.\" >&2\n    exit 1\nfi\n# This output is used by Xcode 'outputs' to avoid re-running this script phase.\necho \"SUCCESS\" > \"${SCRIPT_OUTPUT_FILE_0}\"\n";
			showEnvVarsInLog = 0;
		};
		E235C05ADACE081382539298 /* [CP] Copy Pods Resources */ = {
			isa = PBXShellScriptBuildPhase;
			buildActionMask = 12;
			files = (
			);
			inputFileListPaths = (
				"${PODS_ROOT}/Target Support Files/Pods-YosemiteCrewMobile/Pods-YosemiteCrewMobile-resources-${CONFIGURATION}-input-files.xcfilelist",
			);
			name = "[CP] Copy Pods Resources";
			outputFileListPaths = (
				"${PODS_ROOT}/Target Support Files/Pods-YosemiteCrewMobile/Pods-YosemiteCrewMobile-resources-${CONFIGURATION}-output-files.xcfilelist",
			);
			runOnlyForDeploymentPostprocessing = 0;
			shellPath = /bin/sh;
			shellScript = "\"${PODS_ROOT}/Target Support Files/Pods-YosemiteCrewMobile/Pods-YosemiteCrewMobile-resources.sh\"\n";
			showEnvVarsInLog = 0;
		};
/* End PBXShellScriptBuildPhase section */

/* Begin PBXSourcesBuildPhase section */
		13B07F871A680F5B00A75B9A /* Sources */ = {
			isa = PBXSourcesBuildPhase;
			buildActionMask = 2147483647;
			files = (
				761780ED2CA45674006654EE /* AppDelegate.swift in Sources */,
			);
			runOnlyForDeploymentPostprocessing = 0;
		};
/* End PBXSourcesBuildPhase section */

/* Begin XCBuildConfiguration section */
		13B07F941A680F5B00A75B9A /* Debug */ = {
			isa = XCBuildConfiguration;
			baseConfigurationReference = 8C042910711666B760D07228 /* Pods-YosemiteCrewMobile.debug.xcconfig */;
			buildSettings = {
				ASSETCATALOG_COMPILER_APPICON_NAME = AppIcon;
				CLANG_ENABLE_MODULES = YES;
				CURRENT_PROJECT_VERSION = 1;
				DEVELOPMENT_TEAM = 9TZWPYQ45S;
				ENABLE_BITCODE = NO;
				INFOPLIST_FILE = YosemiteCrewMobile/Info.plist;
				IPHONEOS_DEPLOYMENT_TARGET = 15.1;
				LD_RUNPATH_SEARCH_PATHS = (
					"$(inherited)",
					"@executable_path/Frameworks",
				);
				MARKETING_VERSION = 1.0;
				OTHER_LDFLAGS = (
					"$(inherited)",
					"-ObjC",
					"-lc++",
				);
				PRODUCT_BUNDLE_IDENTIFIER = com.yosemite.crew;
				PRODUCT_NAME = YosemiteCrewMobile;
				"SWIFT_OBJC_BRIDGING_HEADER[arch=*]" = "YosemiteCrewMobile/YosemiteCrewMobile-Bridging-Header.h";
				SWIFT_OPTIMIZATION_LEVEL = "-Onone";
				SWIFT_VERSION = 5.0;
				VERSIONING_SYSTEM = "apple-generic";
			};
			name = Debug;
		};
		13B07F951A680F5B00A75B9A /* Release */ = {
			isa = XCBuildConfiguration;
			baseConfigurationReference = D956FF4C0DE00B6879730EF5 /* Pods-YosemiteCrewMobile.release.xcconfig */;
			buildSettings = {
				ASSETCATALOG_COMPILER_APPICON_NAME = AppIcon;
				CLANG_ENABLE_MODULES = YES;
				CURRENT_PROJECT_VERSION = 1;
				DEVELOPMENT_TEAM = 9TZWPYQ45S;
				INFOPLIST_FILE = YosemiteCrewMobile/Info.plist;
				IPHONEOS_DEPLOYMENT_TARGET = 15.1;
				LD_RUNPATH_SEARCH_PATHS = (
					"$(inherited)",
					"@executable_path/Frameworks",
				);
				MARKETING_VERSION = 1.0;
				OTHER_LDFLAGS = (
					"$(inherited)",
					"-ObjC",
					"-lc++",
				);
				PRODUCT_BUNDLE_IDENTIFIER = com.yosemite.crew;
				PRODUCT_NAME = YosemiteCrewMobile;
				"SWIFT_OBJC_BRIDGING_HEADER[arch=*]" = "YosemiteCrewMobile/YosemiteCrewMobile-Bridging-Header.h";
				SWIFT_VERSION = 5.0;
				VERSIONING_SYSTEM = "apple-generic";
			};
			name = Release;
		};
		83CBBA201A601CBA00E9B192 /* Debug */ = {
			isa = XCBuildConfiguration;
			buildSettings = {
				ALWAYS_SEARCH_USER_PATHS = NO;
				CLANG_ANALYZER_LOCALIZABILITY_NONLOCALIZED = YES;
				CLANG_CXX_LANGUAGE_STANDARD = "c++20";
				CLANG_CXX_LIBRARY = "libc++";
				CLANG_ENABLE_MODULES = YES;
				CLANG_ENABLE_OBJC_ARC = YES;
				CLANG_WARN_BLOCK_CAPTURE_AUTORELEASING = YES;
				CLANG_WARN_BOOL_CONVERSION = YES;
				CLANG_WARN_COMMA = YES;
				CLANG_WARN_CONSTANT_CONVERSION = YES;
				CLANG_WARN_DEPRECATED_OBJC_IMPLEMENTATIONS = YES;
				CLANG_WARN_DIRECT_OBJC_ISA_USAGE = YES_ERROR;
				CLANG_WARN_EMPTY_BODY = YES;
				CLANG_WARN_ENUM_CONVERSION = YES;
				CLANG_WARN_INFINITE_RECURSION = YES;
				CLANG_WARN_INT_CONVERSION = YES;
				CLANG_WARN_NON_LITERAL_NULL_CONVERSION = YES;
				CLANG_WARN_OBJC_IMPLICIT_RETAIN_SELF = YES;
				CLANG_WARN_OBJC_LITERAL_CONVERSION = YES;
				CLANG_WARN_OBJC_ROOT_CLASS = YES_ERROR;
				CLANG_WARN_QUOTED_INCLUDE_IN_FRAMEWORK_HEADER = YES;
				CLANG_WARN_RANGE_LOOP_ANALYSIS = YES;
				CLANG_WARN_STRICT_PROTOTYPES = YES;
				CLANG_WARN_SUSPICIOUS_MOVE = YES;
				CLANG_WARN_UNREACHABLE_CODE = YES;
				CLANG_WARN__DUPLICATE_METHOD_MATCH = YES;
				"CODE_SIGN_IDENTITY[sdk=iphoneos*]" = "iPhone Developer";
				COPY_PHASE_STRIP = NO;
				ENABLE_STRICT_OBJC_MSGSEND = YES;
				ENABLE_TESTABILITY = YES;
				"EXCLUDED_ARCHS[sdk=iphonesimulator*]" = "";
				GCC_C_LANGUAGE_STANDARD = gnu99;
				GCC_DYNAMIC_NO_PIC = NO;
				GCC_NO_COMMON_BLOCKS = YES;
				GCC_OPTIMIZATION_LEVEL = 0;
				GCC_PREPROCESSOR_DEFINITIONS = (
					"DEBUG=1",
					"$(inherited)",
				);
				GCC_SYMBOLS_PRIVATE_EXTERN = NO;
				GCC_WARN_64_TO_32_BIT_CONVERSION = YES;
				GCC_WARN_ABOUT_RETURN_TYPE = YES_ERROR;
				GCC_WARN_UNDECLARED_SELECTOR = YES;
				GCC_WARN_UNINITIALIZED_AUTOS = YES_AGGRESSIVE;
				GCC_WARN_UNUSED_FUNCTION = YES;
				GCC_WARN_UNUSED_VARIABLE = YES;
				IPHONEOS_DEPLOYMENT_TARGET = 15.1;
				LD_RUNPATH_SEARCH_PATHS = (
					/usr/lib/swift,
					"$(inherited)",
				);
				LIBRARY_SEARCH_PATHS = (
					"\"$(SDKROOT)/usr/lib/swift\"",
					"\"$(TOOLCHAIN_DIR)/usr/lib/swift/$(PLATFORM_NAME)\"",
					"\"$(inherited)\"",
				);
				MTL_ENABLE_DEBUG_INFO = YES;
				ONLY_ACTIVE_ARCH = YES;
				OTHER_CPLUSPLUSFLAGS = (
					"$(OTHER_CFLAGS)",
					"-DFOLLY_NO_CONFIG",
					"-DFOLLY_MOBILE=1",
					"-DFOLLY_USE_LIBCPP=1",
					"-DFOLLY_CFG_NO_COROUTINES=1",
					"-DFOLLY_HAVE_CLOCK_GETTIME=1",
				);
				OTHER_LDFLAGS = (
					"$(inherited)",
					" ",
				);
				REACT_NATIVE_PATH = "${PODS_ROOT}/../../node_modules/react-native";
				SDKROOT = iphoneos;
				SWIFT_ACTIVE_COMPILATION_CONDITIONS = "$(inherited) DEBUG";
				USE_HERMES = true;
			};
			name = Debug;
		};
		83CBBA211A601CBA00E9B192 /* Release */ = {
			isa = XCBuildConfiguration;
			buildSettings = {
				ALWAYS_SEARCH_USER_PATHS = NO;
				CLANG_ANALYZER_LOCALIZABILITY_NONLOCALIZED = YES;
				CLANG_CXX_LANGUAGE_STANDARD = "c++20";
				CLANG_CXX_LIBRARY = "libc++";
				CLANG_ENABLE_MODULES = YES;
				CLANG_ENABLE_OBJC_ARC = YES;
				CLANG_WARN_BLOCK_CAPTURE_AUTORELEASING = YES;
				CLANG_WARN_BOOL_CONVERSION = YES;
				CLANG_WARN_COMMA = YES;
				CLANG_WARN_CONSTANT_CONVERSION = YES;
				CLANG_WARN_DEPRECATED_OBJC_IMPLEMENTATIONS = YES;
				CLANG_WARN_DIRECT_OBJC_ISA_USAGE = YES_ERROR;
				CLANG_WARN_EMPTY_BODY = YES;
				CLANG_WARN_ENUM_CONVERSION = YES;
				CLANG_WARN_INFINITE_RECURSION = YES;
				CLANG_WARN_INT_CONVERSION = YES;
				CLANG_WARN_NON_LITERAL_NULL_CONVERSION = YES;
				CLANG_WARN_OBJC_IMPLICIT_RETAIN_SELF = YES;
				CLANG_WARN_OBJC_LITERAL_CONVERSION = YES;
				CLANG_WARN_OBJC_ROOT_CLASS = YES_ERROR;
				CLANG_WARN_QUOTED_INCLUDE_IN_FRAMEWORK_HEADER = YES;
				CLANG_WARN_RANGE_LOOP_ANALYSIS = YES;
				CLANG_WARN_STRICT_PROTOTYPES = YES;
				CLANG_WARN_SUSPICIOUS_MOVE = YES;
				CLANG_WARN_UNREACHABLE_CODE = YES;
				CLANG_WARN__DUPLICATE_METHOD_MATCH = YES;
				"CODE_SIGN_IDENTITY[sdk=iphoneos*]" = "iPhone Developer";
				COPY_PHASE_STRIP = YES;
				ENABLE_NS_ASSERTIONS = NO;
				ENABLE_STRICT_OBJC_MSGSEND = YES;
				"EXCLUDED_ARCHS[sdk=iphonesimulator*]" = "";
				GCC_C_LANGUAGE_STANDARD = gnu99;
				GCC_NO_COMMON_BLOCKS = YES;
				GCC_WARN_64_TO_32_BIT_CONVERSION = YES;
				GCC_WARN_ABOUT_RETURN_TYPE = YES_ERROR;
				GCC_WARN_UNDECLARED_SELECTOR = YES;
				GCC_WARN_UNINITIALIZED_AUTOS = YES_AGGRESSIVE;
				GCC_WARN_UNUSED_FUNCTION = YES;
				GCC_WARN_UNUSED_VARIABLE = YES;
				IPHONEOS_DEPLOYMENT_TARGET = 15.1;
				LD_RUNPATH_SEARCH_PATHS = (
					/usr/lib/swift,
					"$(inherited)",
				);
				LIBRARY_SEARCH_PATHS = (
					"\"$(SDKROOT)/usr/lib/swift\"",
					"\"$(TOOLCHAIN_DIR)/usr/lib/swift/$(PLATFORM_NAME)\"",
					"\"$(inherited)\"",
				);
				MTL_ENABLE_DEBUG_INFO = NO;
				OTHER_CPLUSPLUSFLAGS = (
					"$(OTHER_CFLAGS)",
					"-DFOLLY_NO_CONFIG",
					"-DFOLLY_MOBILE=1",
					"-DFOLLY_USE_LIBCPP=1",
					"-DFOLLY_CFG_NO_COROUTINES=1",
					"-DFOLLY_HAVE_CLOCK_GETTIME=1",
				);
				OTHER_LDFLAGS = (
					"$(inherited)",
					" ",
				);
				REACT_NATIVE_PATH = "${PODS_ROOT}/../../node_modules/react-native";
				SDKROOT = iphoneos;
				USE_HERMES = true;
				VALIDATE_PRODUCT = YES;
			};
			name = Release;
		};
/* End XCBuildConfiguration section */

/* Begin XCConfigurationList section */
		13B07F931A680F5B00A75B9A /* Build configuration list for PBXNativeTarget "YosemiteCrewMobile" */ = {
			isa = XCConfigurationList;
			buildConfigurations = (
				13B07F941A680F5B00A75B9A /* Debug */,
				13B07F951A680F5B00A75B9A /* Release */,
			);
			defaultConfigurationIsVisible = 0;
			defaultConfigurationName = Release;
		};
		83CBB9FA1A601CBA00E9B192 /* Build configuration list for PBXProject "YosemiteCrewMobile" */ = {
			isa = XCConfigurationList;
			buildConfigurations = (
				83CBBA201A601CBA00E9B192 /* Debug */,
				83CBBA211A601CBA00E9B192 /* Release */,
			);
			defaultConfigurationIsVisible = 0;
			defaultConfigurationName = Release;
		};
/* End XCConfigurationList section */
	};
	rootObject = 83CBB9F71A601CBA00E9B192 /* Project object */;
}
